
Microsoft Visual Studio Solution File, Format Version 12.00
# Visual Studio Version 17
VisualStudioVersion = 17.11.35327.3
MinimumVisualStudioVersion = 10.0.40219.1
Project("{FAE04EC0-301F-11D3-BF4B-00C04F79EFBC}") = "25.TallerVectores", "25.TallerVectores.csproj", "{FD95CB0D-E9F5-479F-B648-1CC19F752A9F}"
EndProject
Global
	GlobalSection(SolutionConfigurationPlatforms) = preSolution
		Debug|Any CPU = Debug|Any CPU
		Release|Any CPU = Release|Any CPU
	EndGlobalSection
	GlobalSection(ProjectConfigurationPlatforms) = postSolution
		{FD95CB0D-E9F5-479F-B648-1CC19F752A9F}.Debug|Any CPU.ActiveCfg = Debug|Any CPU
		{FD95CB0D-E9F5-479F-B648-1CC19F752A9F}.Debug|Any CPU.Build.0 = Debug|Any CPU
		{FD95CB0D-E9F5-479F-B648-1CC19F752A9F}.Release|Any CPU.ActiveCfg = Release|Any CPU
		{FD95CB0D-E9F5-479F-B648-1CC19F752A9F}.Release|Any CPU.Build.0 = Release|Any CPU
	EndGlobalSection
	GlobalSection(SolutionProperties) = preSolution
		HideSolutionNode = FALSE
	EndGlobalSection
	GlobalSection(ExtensibilityGlobals) = postSolution
		SolutionGuid = {1A37551D-257C-4BE1-A43C-63608CA54325}
	EndGlobalSection
EndGlobal
